// !$*UTF8*$!
{
	archiveVersion = 1;
	classes = {
	};
	objectVersion = 46;
	objects = {

/* Begin PBXBuildFile section */
		575E826D1E01FFC8006E6D4C /* Rec08.cpp in Sources */ = {isa = PBXBuildFile; fileRef = 575E826C1E01FFC8006E6D4C /* Rec08.cpp */; };
		576F87431DD9CED300839B03 /* iter12.cpp in Sources */ = {isa = PBXBuildFile; fileRef = 576F87421DD9CED300839B03 /* iter12.cpp */; };
		57864AE81E017D2F00BE4777 /* Rec07-Moviles.cpp in Sources */ = {isa = PBXBuildFile; fileRef = 57864AE71E017D2F00BE4777 /* Rec07-Moviles.cpp */; };
		57B0D04D1DD5DA3A004ECD22 /* plantilla.cpp in Sources */ = {isa = PBXBuildFile; fileRef = 57B0D04C1DD5DA3A004ECD22 /* plantilla.cpp */; };
		57E9F51B1DFC64CD00BE3579 /* rec04-DG-E-23-FibonacciRecursivo.cpp in Sources */ = {isa = PBXBuildFile; fileRef = 57E9F51A1DFC64CD00BE3579 /* rec04-DG-E-23-FibonacciRecursivo.cpp */; };
		57E9F51D1DFDB38F00BE3579 /* rec05-DG-E-24-CombinatorioRecursivo.cpp in Sources */ = {isa = PBXBuildFile; fileRef = 57E9F51C1DFDB38F00BE3579 /* rec05-DG-E-24-CombinatorioRecursivo.cpp */; };
		57EBB4941DD6A60500569D1A /* iter4 A03-Colones.cpp in Sources */ = {isa = PBXBuildFile; fileRef = 57EBB48C1DD6A60500569D1A /* iter4 A03-Colones.cpp */; };
		57F0A7D41E0203A10064987C /* iter01 E-01-Numero de maximos.cpp in Sources */ = {isa = PBXBuildFile; fileRef = 57F0A7C51E0203A10064987C /* iter01 E-01-Numero de maximos.cpp */; };
		57F0A7D51E0203A10064987C /* iter02 B-00 La lotería de la peña Atlética.cpp in Sources */ = {isa = PBXBuildFile; fileRef = 57F0A7C61E0203A10064987C /* iter02 B-00 La lotería de la peña Atlética.cpp */; };
		57F0A7D61E0203A10064987C /* iter03 D-P1B Funcion Log.cpp in Sources */ = {isa = PBXBuildFile; fileRef = 57F0A7C71E0203A10064987C /* iter03 D-P1B Funcion Log.cpp */; };
		57F0A7D71E0203A10064987C /* iter05 DG-E-06-Acumula los valores.cpp in Sources */ = {isa = PBXBuildFile; fileRef = 57F0A7C81E0203A10064987C /* iter05 DG-E-06-Acumula los valores.cpp */; };
		57F0A7D81E0203A10064987C /* iter06 DG-E-07-Secuencia creciente.cpp in Sources */ = {isa = PBXBuildFile; fileRef = 57F0A7C91E0203A10064987C /* iter06 DG-E-07-Secuencia creciente.cpp */; };
		57F0A7D91E0203A10064987C /* iter07 A09-Soy Rico.cpp in Sources */ = {isa = PBXBuildFile; fileRef = 57F0A7CA1E0203A10064987C /* iter07 A09-Soy Rico.cpp */; };
		57F0A7DA1E0203A10064987C /* iter08 DG-E-02-Comprobar particion.cpp in Sources */ = {isa = PBXBuildFile; fileRef = 57F0A7CB1E0203A10064987C /* iter08 DG-E-02-Comprobar particion.cpp */; };
		57F0A7DB1E0203A10064987C /* iter09 particion.cpp in Sources */ = {isa = PBXBuildFile; fileRef = 57F0A7CC1E0203A10064987C /* iter09 particion.cpp */; };
		57F0A7DC1E0203A10064987C /* iter13- B-01 Temperaturas extremas.cpp in Sources */ = {isa = PBXBuildFile; fileRef = 57F0A7CD1E0203A10064987C /* iter13- B-01 Temperaturas extremas.cpp */; };
		57F0A7DD1E0203A10064987C /* iter14- DG-E-08- Secuencia creciente II.cpp in Sources */ = {isa = PBXBuildFile; fileRef = 57F0A7CE1E0203A10064987C /* iter14- DG-E-08- Secuencia creciente II.cpp */; };
		57F0A7DE1E0203A10064987C /* iter15- D-P2 Interpares.cpp in Sources */ = {isa = PBXBuildFile; fileRef = 57F0A7CF1E0203A10064987C /* iter15- D-P2 Interpares.cpp */; };
		57F0A7DF1E0203A10064987C /* Rec02- A19-Número complementario.cpp in Sources */ = {isa = PBXBuildFile; fileRef = 57F0A7D11E0203A10064987C /* Rec02- A19-Número complementario.cpp */; };
		57F0A7E01E0203A10064987C /* rec03- Hotel Pico.cpp in Sources */ = {isa = PBXBuildFile; fileRef = 57F0A7D21E0203A10064987C /* rec03- Hotel Pico.cpp */; };
		57F0A7E11E0203A10064987C /* Rec06- Polidivisibles.cpp in Sources */ = {isa = PBXBuildFile; fileRef = 57F0A7D31E0203A10064987C /* Rec06- Polidivisibles.cpp */; };
/* End PBXBuildFile section */

/* Begin PBXCopyFilesBuildPhase section */
		57B0D0401DD5D9F4004ECD22 /* CopyFiles */ = {
			isa = PBXCopyFilesBuildPhase;
			buildActionMask = 2147483647;
			dstPath = /usr/share/man/man1/;
			dstSubfolderSpec = 0;
			files = (
			);
			runOnlyForDeploymentPostprocessing = 1;
		};
/* End PBXCopyFilesBuildPhase section */

/* Begin PBXFileReference section */
		575E826C1E01FFC8006E6D4C /* Rec08.cpp */ = {isa = PBXFileReference; fileEncoding = 4; lastKnownFileType = sourcecode.cpp.cpp; path = Rec08.cpp; sourceTree = "<group>"; };
		576F87421DD9CED300839B03 /* iter12.cpp */ = {isa = PBXFileReference; fileEncoding = 4; lastKnownFileType = sourcecode.cpp.cpp; path = iter12.cpp; sourceTree = "<group>"; };
		57864AE71E017D2F00BE4777 /* Rec07-Moviles.cpp */ = {isa = PBXFileReference; fileEncoding = 4; lastKnownFileType = sourcecode.cpp.cpp; path = "Rec07-Moviles.cpp"; sourceTree = "<group>"; };
		57B0D0421DD5D9F4004ECD22 /* EDA */ = {isa = PBXFileReference; explicitFileType = "compiled.mach-o.executable"; includeInIndex = 0; path = EDA; sourceTree = BUILT_PRODUCTS_DIR; };
		57B0D04C1DD5DA3A004ECD22 /* plantilla.cpp */ = {isa = PBXFileReference; fileEncoding = 4; lastKnownFileType = sourcecode.cpp.cpp; path = plantilla.cpp; sourceTree = "<group>"; };
		57E9F51A1DFC64CD00BE3579 /* rec04-DG-E-23-FibonacciRecursivo.cpp */ = {isa = PBXFileReference; fileEncoding = 4; lastKnownFileType = sourcecode.cpp.cpp; path = "rec04-DG-E-23-FibonacciRecursivo.cpp"; sourceTree = "<group>"; };
		57E9F51C1DFDB38F00BE3579 /* rec05-DG-E-24-CombinatorioRecursivo.cpp */ = {isa = PBXFileReference; fileEncoding = 4; lastKnownFileType = sourcecode.cpp.cpp; path = "rec05-DG-E-24-CombinatorioRecursivo.cpp"; sourceTree = "<group>"; };
		57EBB48C1DD6A60500569D1A /* iter4 A03-Colones.cpp */ = {isa = PBXFileReference; fileEncoding = 4; lastKnownFileType = sourcecode.cpp.cpp; path = "iter4 A03-Colones.cpp"; sourceTree = "<group>"; };
		57F0A7C51E0203A10064987C /* iter01 E-01-Numero de maximos.cpp */ = {isa = PBXFileReference; fileEncoding = 4; lastKnownFileType = sourcecode.cpp.cpp; path = "iter01 E-01-Numero de maximos.cpp"; sourceTree = "<group>"; };
		57F0A7C61E0203A10064987C /* iter02 B-00 La lotería de la peña Atlética.cpp */ = {isa = PBXFileReference; fileEncoding = 4; lastKnownFileType = sourcecode.cpp.cpp; path = "iter02 B-00 La lotería de la peña Atlética.cpp"; sourceTree = "<group>"; };
		57F0A7C71E0203A10064987C /* iter03 D-P1B Funcion Log.cpp */ = {isa = PBXFileReference; fileEncoding = 4; lastKnownFileType = sourcecode.cpp.cpp; path = "iter03 D-P1B Funcion Log.cpp"; sourceTree = "<group>"; };
		57F0A7C81E0203A10064987C /* iter05 DG-E-06-Acumula los valores.cpp */ = {isa = PBXFileReference; fileEncoding = 4; lastKnownFileType = sourcecode.cpp.cpp; path = "iter05 DG-E-06-Acumula los valores.cpp"; sourceTree = "<group>"; };
		57F0A7C91E0203A10064987C /* iter06 DG-E-07-Secuencia creciente.cpp */ = {isa = PBXFileReference; fileEncoding = 4; lastKnownFileType = sourcecode.cpp.cpp; path = "iter06 DG-E-07-Secuencia creciente.cpp"; sourceTree = "<group>"; };
		57F0A7CA1E0203A10064987C /* iter07 A09-Soy Rico.cpp */ = {isa = PBXFileReference; fileEncoding = 4; lastKnownFileType = sourcecode.cpp.cpp; path = "iter07 A09-Soy Rico.cpp"; sourceTree = "<group>"; };
		57F0A7CB1E0203A10064987C /* iter08 DG-E-02-Comprobar particion.cpp */ = {isa = PBXFileReference; fileEncoding = 4; lastKnownFileType = sourcecode.cpp.cpp; path = "iter08 DG-E-02-Comprobar particion.cpp"; sourceTree = "<group>"; };
		57F0A7CC1E0203A10064987C /* iter09 particion.cpp */ = {isa = PBXFileReference; fileEncoding = 4; lastKnownFileType = sourcecode.cpp.cpp; path = "iter09 particion.cpp"; sourceTree = "<group>"; };
		57F0A7CD1E0203A10064987C /* iter13- B-01 Temperaturas extremas.cpp */ = {isa = PBXFileReference; fileEncoding = 4; lastKnownFileType = sourcecode.cpp.cpp; path = "iter13- B-01 Temperaturas extremas.cpp"; sourceTree = "<group>"; };
		57F0A7CE1E0203A10064987C /* iter14- DG-E-08- Secuencia creciente II.cpp */ = {isa = PBXFileReference; fileEncoding = 4; lastKnownFileType = sourcecode.cpp.cpp; path = "iter14- DG-E-08- Secuencia creciente II.cpp"; sourceTree = "<group>"; };
		57F0A7CF1E0203A10064987C /* iter15- D-P2 Interpares.cpp */ = {isa = PBXFileReference; fileEncoding = 4; lastKnownFileType = sourcecode.cpp.cpp; path = "iter15- D-P2 Interpares.cpp"; sourceTree = "<group>"; };
		57F0A7D01E0203A10064987C /* Iter16- F-Solo los buenos suman.pdf */ = {isa = PBXFileReference; lastKnownFileType = image.pdf; path = "Iter16- F-Solo los buenos suman.pdf"; sourceTree = "<group>"; };
		57F0A7D11E0203A10064987C /* Rec02- A19-Número complementario.cpp */ = {isa = PBXFileReference; fileEncoding = 4; lastKnownFileType = sourcecode.cpp.cpp; path = "Rec02- A19-Número complementario.cpp"; sourceTree = "<group>"; };
		57F0A7D21E0203A10064987C /* rec03- Hotel Pico.cpp */ = {isa = PBXFileReference; fileEncoding = 4; lastKnownFileType = sourcecode.cpp.cpp; path = "rec03- Hotel Pico.cpp"; sourceTree = "<group>"; };
		57F0A7D31E0203A10064987C /* Rec06- Polidivisibles.cpp */ = {isa = PBXFileReference; fileEncoding = 4; lastKnownFileType = sourcecode.cpp.cpp; path = "Rec06- Polidivisibles.cpp"; sourceTree = "<group>"; };
/* End PBXFileReference section */

/* Begin PBXFrameworksBuildPhase section */
		57B0D03F1DD5D9F4004ECD22 /* Frameworks */ = {
			isa = PBXFrameworksBuildPhase;
			buildActionMask = 2147483647;
			files = (
			);
			runOnlyForDeploymentPostprocessing = 0;
		};
/* End PBXFrameworksBuildPhase section */

/* Begin PBXGroup section */
		57B0D0391DD5D9F4004ECD22 = {
			isa = PBXGroup;
			children = (
				57B0D04C1DD5DA3A004ECD22 /* plantilla.cpp */,
				57B0D0441DD5D9F4004ECD22 /* EDA */,
				57B0D0431DD5D9F4004ECD22 /* Products */,
			);
			sourceTree = "<group>";
		};
		57B0D0431DD5D9F4004ECD22 /* Products */ = {
			isa = PBXGroup;
			children = (
				57B0D0421DD5D9F4004ECD22 /* EDA */,
			);
			name = Products;
			sourceTree = "<group>";
		};
		57B0D0441DD5D9F4004ECD22 /* EDA */ = {
			isa = PBXGroup;
			children = (
				57F0A7C51E0203A10064987C /* iter01 E-01-Numero de maximos.cpp */,
				57F0A7C61E0203A10064987C /* iter02 B-00 La lotería de la peña Atlética.cpp */,
				57F0A7C71E0203A10064987C /* iter03 D-P1B Funcion Log.cpp */,
				57F0A7C81E0203A10064987C /* iter05 DG-E-06-Acumula los valores.cpp */,
				57F0A7C91E0203A10064987C /* iter06 DG-E-07-Secuencia creciente.cpp */,
				57F0A7CA1E0203A10064987C /* iter07 A09-Soy Rico.cpp */,
				57F0A7CB1E0203A10064987C /* iter08 DG-E-02-Comprobar particion.cpp */,
				57F0A7CC1E0203A10064987C /* iter09 particion.cpp */,
				57F0A7CD1E0203A10064987C /* iter13- B-01 Temperaturas extremas.cpp */,
				57F0A7CE1E0203A10064987C /* iter14- DG-E-08- Secuencia creciente II.cpp */,
				57F0A7CF1E0203A10064987C /* iter15- D-P2 Interpares.cpp */,
				57F0A7D01E0203A10064987C /* Iter16- F-Solo los buenos suman.pdf */,
				57F0A7D11E0203A10064987C /* Rec02- A19-Número complementario.cpp */,
				57F0A7D21E0203A10064987C /* rec03- Hotel Pico.cpp */,
				57F0A7D31E0203A10064987C /* Rec06- Polidivisibles.cpp */,
				57EBB48C1DD6A60500569D1A /* iter4 A03-Colones.cpp */,
				576F87421DD9CED300839B03 /* iter12.cpp */,
				57E9F51A1DFC64CD00BE3579 /* rec04-DG-E-23-FibonacciRecursivo.cpp */,
				57E9F51C1DFDB38F00BE3579 /* rec05-DG-E-24-CombinatorioRecursivo.cpp */,
				57864AE71E017D2F00BE4777 /* Rec07-Moviles.cpp */,
				575E826C1E01FFC8006E6D4C /* Rec08.cpp */,
			);
			path = EDA;
			sourceTree = "<group>";
		};
/* End PBXGroup section */

/* Begin PBXNativeTarget section */
		57B0D0411DD5D9F4004ECD22 /* EDA */ = {
			isa = PBXNativeTarget;
			buildConfigurationList = 57B0D0491DD5D9F4004ECD22 /* Build configuration list for PBXNativeTarget "EDA" */;
			buildPhases = (
				57B0D03E1DD5D9F4004ECD22 /* Sources */,
				57B0D03F1DD5D9F4004ECD22 /* Frameworks */,
				57B0D0401DD5D9F4004ECD22 /* CopyFiles */,
			);
			buildRules = (
			);
			dependencies = (
			);
			name = EDA;
			productName = EDA;
			productReference = 57B0D0421DD5D9F4004ECD22 /* EDA */;
			productType = "com.apple.product-type.tool";
		};
/* End PBXNativeTarget section */

/* Begin PBXProject section */
		57B0D03A1DD5D9F4004ECD22 /* Project object */ = {
			isa = PBXProject;
			attributes = {
				LastUpgradeCheck = 0810;
				ORGANIZATIONNAME = "Victor del Pino Castilla";
				TargetAttributes = {
					57B0D0411DD5D9F4004ECD22 = {
						CreatedOnToolsVersion = 8.1;
						ProvisioningStyle = Automatic;
					};
				};
			};
			buildConfigurationList = 57B0D03D1DD5D9F4004ECD22 /* Build configuration list for PBXProject "EDA" */;
			compatibilityVersion = "Xcode 3.2";
			developmentRegion = English;
			hasScannedForEncodings = 0;
			knownRegions = (
				en,
			);
			mainGroup = 57B0D0391DD5D9F4004ECD22;
			productRefGroup = 57B0D0431DD5D9F4004ECD22 /* Products */;
			projectDirPath = "";
			projectRoot = "";
			targets = (
				57B0D0411DD5D9F4004ECD22 /* EDA */,
			);
		};
/* End PBXProject section */

/* Begin PBXSourcesBuildPhase section */
		57B0D03E1DD5D9F4004ECD22 /* Sources */ = {
			isa = PBXSourcesBuildPhase;
			buildActionMask = 2147483647;
			files = (
				57E9F51B1DFC64CD00BE3579 /* rec04-DG-E-23-FibonacciRecursivo.cpp in Sources */,
				57F0A7D81E0203A10064987C /* iter06 DG-E-07-Secuencia creciente.cpp in Sources */,
				57F0A7E01E0203A10064987C /* rec03- Hotel Pico.cpp in Sources */,
				57F0A7D51E0203A10064987C /* iter02 B-00 La lotería de la peña Atlética.cpp in Sources */,
				57B0D04D1DD5DA3A004ECD22 /* plantilla.cpp in Sources */,
				57F0A7D91E0203A10064987C /* iter07 A09-Soy Rico.cpp in Sources */,
				57F0A7DB1E0203A10064987C /* iter09 particion.cpp in Sources */,
				57F0A7D61E0203A10064987C /* iter03 D-P1B Funcion Log.cpp in Sources */,
				57F0A7D41E0203A10064987C /* iter01 E-01-Numero de maximos.cpp in Sources */,
				57F0A7DF1E0203A10064987C /* Rec02- A19-Número complementario.cpp in Sources */,
				57F0A7DC1E0203A10064987C /* iter13- B-01 Temperaturas extremas.cpp in Sources */,
				57EBB4941DD6A60500569D1A /* iter4 A03-Colones.cpp in Sources */,
				57E9F51D1DFDB38F00BE3579 /* rec05-DG-E-24-CombinatorioRecursivo.cpp in Sources */,
				576F87431DD9CED300839B03 /* iter12.cpp in Sources */,
				57F0A7DA1E0203A10064987C /* iter08 DG-E-02-Comprobar particion.cpp in Sources */,
				57F0A7DD1E0203A10064987C /* iter14- DG-E-08- Secuencia creciente II.cpp in Sources */,
				57864AE81E017D2F00BE4777 /* Rec07-Moviles.cpp in Sources */,
				57F0A7E11E0203A10064987C /* Rec06- Polidivisibles.cpp in Sources */,
				57F0A7DE1E0203A10064987C /* iter15- D-P2 Interpares.cpp in Sources */,
				575E826D1E01FFC8006E6D4C /* Rec08.cpp in Sources */,
				57F0A7D71E0203A10064987C /* iter05 DG-E-06-Acumula los valores.cpp in Sources */,
			);
			runOnlyForDeploymentPostprocessing = 0;
		};
/* End PBXSourcesBuildPhase section */

/* Begin XCBuildConfiguration section */
		57B0D0471DD5D9F4004ECD22 /* Debug */ = {
			isa = XCBuildConfiguration;
			buildSettings = {
				ALWAYS_SEARCH_USER_PATHS = NO;
				CLANG_ANALYZER_NONNULL = YES;
				CLANG_CXX_LANGUAGE_STANDARD = "gnu++0x";
				CLANG_CXX_LIBRARY = "libc++";
				CLANG_ENABLE_MODULES = YES;
				CLANG_ENABLE_OBJC_ARC = YES;
				CLANG_WARN_BOOL_CONVERSION = YES;
				CLANG_WARN_CONSTANT_CONVERSION = YES;
				CLANG_WARN_DIRECT_OBJC_ISA_USAGE = YES_ERROR;
				CLANG_WARN_DOCUMENTATION_COMMENTS = YES;
				CLANG_WARN_EMPTY_BODY = YES;
				CLANG_WARN_ENUM_CONVERSION = YES;
				CLANG_WARN_INFINITE_RECURSION = YES;
				CLANG_WARN_INT_CONVERSION = YES;
				CLANG_WARN_OBJC_ROOT_CLASS = YES_ERROR;
				CLANG_WARN_SUSPICIOUS_MOVES = YES;
				CLANG_WARN_UNREACHABLE_CODE = YES;
				CLANG_WARN__DUPLICATE_METHOD_MATCH = YES;
				CODE_SIGN_IDENTITY = "-";
				COPY_PHASE_STRIP = NO;
				DEBUG_INFORMATION_FORMAT = dwarf;
				ENABLE_STRICT_OBJC_MSGSEND = YES;
				ENABLE_TESTABILITY = YES;
				GCC_C_LANGUAGE_STANDARD = gnu99;
				GCC_DYNAMIC_NO_PIC = NO;
				GCC_NO_COMMON_BLOCKS = YES;
				GCC_OPTIMIZATION_LEVEL = 0;
				GCC_PREPROCESSOR_DEFINITIONS = (
					"DEBUG=1",
					"$(inherited)",
				);
				GCC_WARN_64_TO_32_BIT_CONVERSION = YES;
				GCC_WARN_ABOUT_RETURN_TYPE = YES_ERROR;
				GCC_WARN_UNDECLARED_SELECTOR = YES;
				GCC_WARN_UNINITIALIZED_AUTOS = YES_AGGRESSIVE;
				GCC_WARN_UNUSED_FUNCTION = YES;
				GCC_WARN_UNUSED_VARIABLE = YES;
				MACOSX_DEPLOYMENT_TARGET = 10.11;
				MTL_ENABLE_DEBUG_INFO = YES;
				ONLY_ACTIVE_ARCH = YES;
				SDKROOT = macosx;
			};
			name = Debug;
		};
		57B0D0481DD5D9F4004ECD22 /* Release */ = {
			isa = XCBuildConfiguration;
			buildSettings = {
				ALWAYS_SEARCH_USER_PATHS = NO;
				CLANG_ANALYZER_NONNULL = YES;
				CLANG_CXX_LANGUAGE_STANDARD = "gnu++0x";
				CLANG_CXX_LIBRARY = "libc++";
				CLANG_ENABLE_MODULES = YES;
				CLANG_ENABLE_OBJC_ARC = YES;
				CLANG_WARN_BOOL_CONVERSION = YES;
				CLANG_WARN_CONSTANT_CONVERSION = YES;
				CLANG_WARN_DIRECT_OBJC_ISA_USAGE = YES_ERROR;
				CLANG_WARN_DOCUMENTATION_COMMENTS = YES;
				CLANG_WARN_EMPTY_BODY = YES;
				CLANG_WARN_ENUM_CONVERSION = YES;
				CLANG_WARN_INFINITE_RECURSION = YES;
				CLANG_WARN_INT_CONVERSION = YES;
				CLANG_WARN_OBJC_ROOT_CLASS = YES_ERROR;
				CLANG_WARN_SUSPICIOUS_MOVES = YES;
				CLANG_WARN_UNREACHABLE_CODE = YES;
				CLANG_WARN__DUPLICATE_METHOD_MATCH = YES;
				CODE_SIGN_IDENTITY = "-";
				COPY_PHASE_STRIP = NO;
				DEBUG_INFORMATION_FORMAT = "dwarf-with-dsym";
				ENABLE_NS_ASSERTIONS = NO;
				ENABLE_STRICT_OBJC_MSGSEND = YES;
				GCC_C_LANGUAGE_STANDARD = gnu99;
				GCC_NO_COMMON_BLOCKS = YES;
				GCC_WARN_64_TO_32_BIT_CONVERSION = YES;
				GCC_WARN_ABOUT_RETURN_TYPE = YES_ERROR;
				GCC_WARN_UNDECLARED_SELECTOR = YES;
				GCC_WARN_UNINITIALIZED_AUTOS = YES_AGGRESSIVE;
				GCC_WARN_UNUSED_FUNCTION = YES;
				GCC_WARN_UNUSED_VARIABLE = YES;
				MACOSX_DEPLOYMENT_TARGET = 10.11;
				MTL_ENABLE_DEBUG_INFO = NO;
				SDKROOT = macosx;
			};
			name = Release;
		};
		57B0D04A1DD5D9F4004ECD22 /* Debug */ = {
			isa = XCBuildConfiguration;
			buildSettings = {
				PRODUCT_NAME = "$(TARGET_NAME)";
			};
			name = Debug;
		};
		57B0D04B1DD5D9F4004ECD22 /* Release */ = {
			isa = XCBuildConfiguration;
			buildSettings = {
				PRODUCT_NAME = "$(TARGET_NAME)";
			};
			name = Release;
		};
/* End XCBuildConfiguration section */

/* Begin XCConfigurationList section */
		57B0D03D1DD5D9F4004ECD22 /* Build configuration list for PBXProject "EDA" */ = {
			isa = XCConfigurationList;
			buildConfigurations = (
				57B0D0471DD5D9F4004ECD22 /* Debug */,
				57B0D0481DD5D9F4004ECD22 /* Release */,
			);
			defaultConfigurationIsVisible = 0;
			defaultConfigurationName = Release;
		};
		57B0D0491DD5D9F4004ECD22 /* Build configuration list for PBXNativeTarget "EDA" */ = {
			isa = XCConfigurationList;
			buildConfigurations = (
				57B0D04A1DD5D9F4004ECD22 /* Debug */,
				57B0D04B1DD5D9F4004ECD22 /* Release */,
			);
			defaultConfigurationIsVisible = 0;
			defaultConfigurationName = Release;
		};
/* End XCConfigurationList section */
	};
	rootObject = 57B0D03A1DD5D9F4004ECD22 /* Project object */;
}
